
Microsoft Visual Studio Solution File, Format Version 12.00
# Visual Studio Version 16
VisualStudioVersion = 16.0.29020.237
MinimumVisualStudioVersion = 10.0.40219.1
Project("{FAE04EC0-301F-11D3-BF4B-00C04F79EFBC}") = "CapaDato", "CapaDato\CapaDato.csproj", "{50599B0D-A82A-4D5E-AAAC-7B0E707F3542}"
EndProject
Project("{FAE04EC0-301F-11D3-BF4B-00C04F79EFBC}") = "CapaEntidad", "CapaEntidad\CapaEntidad.csproj", "{47A6822F-4C39-4617-BAE0-DDC2B15F9993}"
EndProject
Project("{FAE04EC0-301F-11D3-BF4B-00C04F79EFBC}") = "CapaNegocio", "CapaNegocio\CapaNegocio.csproj", "{8262CECD-7B71-46FC-8236-F796736561E4}"
EndProject
Project("{FAE04EC0-301F-11D3-BF4B-00C04F79EFBC}") = "CapaServicio", "CapaServicio\CapaServicio.csproj", "{AB91D0F5-E3E5-4C77-8114-AE3F72A30555}"
EndProject
Project("{FAE04EC0-301F-11D3-BF4B-00C04F79EFBC}") = "CapaPresentacion", "CapaPresentacion\CapaPresentacion.csproj", "{667CA702-99B8-4AC8-ACEB-289F51ED8B85}"
EndProject
Global
	GlobalSection(SolutionConfigurationPlatforms) = preSolution
		Debug|Any CPU = Debug|Any CPU
		Release|Any CPU = Release|Any CPU
	EndGlobalSection
	GlobalSection(ProjectConfigurationPlatforms) = postSolution
		{50599B0D-A82A-4D5E-AAAC-7B0E707F3542}.Debug|Any CPU.ActiveCfg = Debug|Any CPU
		{50599B0D-A82A-4D5E-AAAC-7B0E707F3542}.Debug|Any CPU.Build.0 = Debug|Any CPU
		{50599B0D-A82A-4D5E-AAAC-7B0E707F3542}.Release|Any CPU.ActiveCfg = Release|Any CPU
		{50599B0D-A82A-4D5E-AAAC-7B0E707F3542}.Release|Any CPU.Build.0 = Release|Any CPU
		{47A6822F-4C39-4617-BAE0-DDC2B15F9993}.Debug|Any CPU.ActiveCfg = Debug|Any CPU
		{47A6822F-4C39-4617-BAE0-DDC2B15F9993}.Debug|Any CPU.Build.0 = Debug|Any CPU
		{47A6822F-4C39-4617-BAE0-DDC2B15F9993}.Release|Any CPU.ActiveCfg = Release|Any CPU
		{47A6822F-4C39-4617-BAE0-DDC2B15F9993}.Release|Any CPU.Build.0 = Release|Any CPU
		{8262CECD-7B71-46FC-8236-F796736561E4}.Debug|Any CPU.ActiveCfg = Debug|Any CPU
		{8262CECD-7B71-46FC-8236-F796736561E4}.Debug|Any CPU.Build.0 = Debug|Any CPU
		{8262CECD-7B71-46FC-8236-F796736561E4}.Release|Any CPU.ActiveCfg = Release|Any CPU
		{8262CECD-7B71-46FC-8236-F796736561E4}.Release|Any CPU.Build.0 = Release|Any CPU
		{AB91D0F5-E3E5-4C77-8114-AE3F72A30555}.Debug|Any CPU.ActiveCfg = Debug|Any CPU
		{AB91D0F5-E3E5-4C77-8114-AE3F72A30555}.Debug|Any CPU.Build.0 = Debug|Any CPU
		{AB91D0F5-E3E5-4C77-8114-AE3F72A30555}.Release|Any CPU.ActiveCfg = Release|Any CPU
		{AB91D0F5-E3E5-4C77-8114-AE3F72A30555}.Release|Any CPU.Build.0 = Release|Any CPU
		{667CA702-99B8-4AC8-ACEB-289F51ED8B85}.Debug|Any CPU.ActiveCfg = Debug|Any CPU
		{667CA702-99B8-4AC8-ACEB-289F51ED8B85}.Debug|Any CPU.Build.0 = Debug|Any CPU
		{667CA702-99B8-4AC8-ACEB-289F51ED8B85}.Release|Any CPU.ActiveCfg = Release|Any CPU
		{667CA702-99B8-4AC8-ACEB-289F51ED8B85}.Release|Any CPU.Build.0 = Release|Any CPU
	EndGlobalSection
	GlobalSection(SolutionProperties) = preSolution
		HideSolutionNode = FALSE
	EndGlobalSection
	GlobalSection(ExtensibilityGlobals) = postSolution
		SolutionGuid = {FA79AD0A-722B-4F07-851B-9BB35052AD29}
	EndGlobalSection
EndGlobal
